
Microsoft Visual Studio Solution File, Format Version 12.00
# Visual Studio Version 16
VisualStudioVersion = 16.0.31624.102
MinimumVisualStudioVersion = 10.0.40219.1
Project("{FAE04EC0-301F-11D3-BF4B-00C04F79EFBC}") = "ProjPorto", "ProjPorto\ProjPorto.csproj", "{3DBC3BCB-391D-4881-A8CD-5D8C399FEC57}"
EndProject
Global
	GlobalSection(SolutionConfigurationPlatforms) = preSolution
		Debug|Any CPU = Debug|Any CPU
		Release|Any CPU = Release|Any CPU
	EndGlobalSection
	GlobalSection(ProjectConfigurationPlatforms) = postSolution
		{3DBC3BCB-391D-4881-A8CD-5D8C399FEC57}.Debug|Any CPU.ActiveCfg = Debug|Any CPU
		{3DBC3BCB-391D-4881-A8CD-5D8C399FEC57}.Debug|Any CPU.Build.0 = Debug|Any CPU
		{3DBC3BCB-391D-4881-A8CD-5D8C399FEC57}.Release|Any CPU.ActiveCfg = Release|Any CPU
		{3DBC3BCB-391D-4881-A8CD-5D8C399FEC57}.Release|Any CPU.Build.0 = Release|Any CPU
	EndGlobalSection
	GlobalSection(SolutionProperties) = preSolution
		HideSolutionNode = FALSE
	EndGlobalSection
	GlobalSection(ExtensibilityGlobals) = postSolution
		SolutionGuid = {8566E591-8F45-42D8-8221-1E29C09A5506}
	EndGlobalSection
EndGlobal
